
Microsoft Visual Studio Solution File, Format Version 12.00
# Visual Studio Version 17
VisualStudioVersion = 17.9.34728.123
MinimumVisualStudioVersion = 10.0.40219.1
Project("{9A19103F-16F7-4668-BE54-9A1E7A4F7556}") = "RealworldWebHost", "RealworldWebHost\RealworldWebHost.csproj", "{578820EB-29C5-45DF-8C6E-233441D4168F}"
	ProjectSection(ProjectDependencies) = postProject
		{DDDC3E82-9EFC-40CC-8049-B5ED1AB925D5} = {DDDC3E82-9EFC-40CC-8049-B5ED1AB925D5}
	EndProjectSection
EndProject
Project("{9A19103F-16F7-4668-BE54-9A1E7A4F7556}") = "Contracts", "Contracts\Contracts.csproj", "{DDDC3E82-9EFC-40CC-8049-B5ED1AB925D5}"
EndProject
Project("{00D1A9C2-B5F0-4AF3-8072-F6C62B433612}") = "Db", "Db\Db.sqlproj", "{4980C858-C540-4D15-8D9F-0A39D56E4C55}"
	ProjectSection(ProjectDependencies) = postProject
		{DDDC3E82-9EFC-40CC-8049-B5ED1AB925D5} = {DDDC3E82-9EFC-40CC-8049-B5ED1AB925D5}
	EndProjectSection
EndProject
Project("{9A19103F-16F7-4668-BE54-9A1E7A4F7556}") = "RealworldWeb", "RealworldWeb\RealworldWeb.csproj", "{D7C846EB-4804-4620-8C7A-EA078DBAA40A}"
	ProjectSection(ProjectDependencies) = postProject
		{DDDC3E82-9EFC-40CC-8049-B5ED1AB925D5} = {DDDC3E82-9EFC-40CC-8049-B5ED1AB925D5}
	EndProjectSection
EndProject
Project("{2150E333-8FDC-42A3-9474-1A3956D46DE8}") = "Solution Items", "Solution Items", "{8801882D-3FC0-414F-B703-D7A5A33F6017}"
	ProjectSection(SolutionItems) = preProject
		README.md = README.md
	EndProjectSection
EndProject
Global
	GlobalSection(SolutionConfigurationPlatforms) = preSolution
		Debug|Any CPU = Debug|Any CPU
		Release|Any CPU = Release|Any CPU
	EndGlobalSection
	GlobalSection(ProjectConfigurationPlatforms) = postSolution
		{578820EB-29C5-45DF-8C6E-233441D4168F}.Debug|Any CPU.ActiveCfg = Debug|Any CPU
		{578820EB-29C5-45DF-8C6E-233441D4168F}.Debug|Any CPU.Build.0 = Debug|Any CPU
		{578820EB-29C5-45DF-8C6E-233441D4168F}.Release|Any CPU.ActiveCfg = Release|Any CPU
		{578820EB-29C5-45DF-8C6E-233441D4168F}.Release|Any CPU.Build.0 = Release|Any CPU
		{DDDC3E82-9EFC-40CC-8049-B5ED1AB925D5}.Debug|Any CPU.ActiveCfg = Debug|Any CPU
		{DDDC3E82-9EFC-40CC-8049-B5ED1AB925D5}.Debug|Any CPU.Build.0 = Debug|Any CPU
		{DDDC3E82-9EFC-40CC-8049-B5ED1AB925D5}.Release|Any CPU.ActiveCfg = Release|Any CPU
		{DDDC3E82-9EFC-40CC-8049-B5ED1AB925D5}.Release|Any CPU.Build.0 = Release|Any CPU
		{4980C858-C540-4D15-8D9F-0A39D56E4C55}.Debug|Any CPU.ActiveCfg = Debug|Any CPU
		{4980C858-C540-4D15-8D9F-0A39D56E4C55}.Debug|Any CPU.Deploy.0 = Debug|Any CPU
		{4980C858-C540-4D15-8D9F-0A39D56E4C55}.Release|Any CPU.ActiveCfg = Release|Any CPU
		{4980C858-C540-4D15-8D9F-0A39D56E4C55}.Release|Any CPU.Build.0 = Release|Any CPU
		{4980C858-C540-4D15-8D9F-0A39D56E4C55}.Release|Any CPU.Deploy.0 = Release|Any CPU
		{D7C846EB-4804-4620-8C7A-EA078DBAA40A}.Debug|Any CPU.ActiveCfg = Debug|Any CPU
		{D7C846EB-4804-4620-8C7A-EA078DBAA40A}.Debug|Any CPU.Build.0 = Debug|Any CPU
		{D7C846EB-4804-4620-8C7A-EA078DBAA40A}.Release|Any CPU.ActiveCfg = Release|Any CPU
		{D7C846EB-4804-4620-8C7A-EA078DBAA40A}.Release|Any CPU.Build.0 = Release|Any CPU
	EndGlobalSection
	GlobalSection(SolutionProperties) = preSolution
		HideSolutionNode = FALSE
	EndGlobalSection
	GlobalSection(ExtensibilityGlobals) = postSolution
		SolutionGuid = {09C4940C-9649-4A3F-9503-CFD359859BC3}
	EndGlobalSection
EndGlobal
